<Solution Description="Visual Studio slnx file generated by Premake" Version="1.4">
  <Configurations>
    <BuildType Name="Debug" />
    <BuildType Name="Release" />
    <Platform Name="x64" />
  </Configurations>
  <Project Path="Snake.vcxproj" Id="77EE1A0E-E302-43BF-AC84-E61E18583FF0">
  </Project>
</Solution>